
Microsoft Visual Studio Solution File, Format Version 12.00
# Visual Studio Version 16
VisualStudioVersion = 16.0.30611.23
MinimumVisualStudioVersion = 10.0.40219.1
Project("{2150E333-8FDC-42A3-9474-1A3956D46DE8}") = "Clients", "Clients", "{02ED648D-9B9C-4B99-8FF2-F33B2688CE1F}"
EndProject
Project("{FAE04EC0-301F-11D3-BF4B-00C04F79EFBC}") = "Finance", "Finance\Finance.csproj", "{792CD741-F2BF-45E8-9344-13DCD466C50C}"
EndProject
Project("{FAE04EC0-301F-11D3-BF4B-00C04F79EFBC}") = "HR", "HR\HR.csproj", "{8496D318-6311-4752-9830-D659DBBD21A6}"
EndProject
Project("{2150E333-8FDC-42A3-9474-1A3956D46DE8}") = "Libraries", "Libraries", "{DF8FA6A6-DB77-45B0-9919-B338A38CE5C1}"
EndProject
Project("{FAE04EC0-301F-11D3-BF4B-00C04F79EFBC}") = "V1", "V1\V1.csproj", "{3DF65C78-90CA-47DA-B2F8-28CF17590C53}"
EndProject
Project("{FAE04EC0-301F-11D3-BF4B-00C04F79EFBC}") = "V2", "V2\V2.csproj", "{FF98F8B2-F6A0-4F6C-8585-73B3B9B2416D}"
EndProject
Project("{FAE04EC0-301F-11D3-BF4B-00C04F79EFBC}") = "V3", "V3\V3.csproj", "{E6F73596-8F82-4E36-AEE0-6132432A77B4}"
EndProject
Project("{FAE04EC0-301F-11D3-BF4B-00C04F79EFBC}") = "V4", "V4\V4.csproj", "{F649E51C-866F-4B2B-95D1-F9180AD726BC}"
EndProject
Global
	GlobalSection(SolutionConfigurationPlatforms) = preSolution
		Debug|Any CPU = Debug|Any CPU
		Release|Any CPU = Release|Any CPU
	EndGlobalSection
	GlobalSection(ProjectConfigurationPlatforms) = postSolution
		{792CD741-F2BF-45E8-9344-13DCD466C50C}.Debug|Any CPU.ActiveCfg = Debug|Any CPU
		{792CD741-F2BF-45E8-9344-13DCD466C50C}.Debug|Any CPU.Build.0 = Debug|Any CPU
		{792CD741-F2BF-45E8-9344-13DCD466C50C}.Release|Any CPU.ActiveCfg = Release|Any CPU
		{792CD741-F2BF-45E8-9344-13DCD466C50C}.Release|Any CPU.Build.0 = Release|Any CPU
		{8496D318-6311-4752-9830-D659DBBD21A6}.Debug|Any CPU.ActiveCfg = Debug|Any CPU
		{8496D318-6311-4752-9830-D659DBBD21A6}.Debug|Any CPU.Build.0 = Debug|Any CPU
		{8496D318-6311-4752-9830-D659DBBD21A6}.Release|Any CPU.ActiveCfg = Release|Any CPU
		{8496D318-6311-4752-9830-D659DBBD21A6}.Release|Any CPU.Build.0 = Release|Any CPU
		{3DF65C78-90CA-47DA-B2F8-28CF17590C53}.Debug|Any CPU.ActiveCfg = Debug|Any CPU
		{3DF65C78-90CA-47DA-B2F8-28CF17590C53}.Debug|Any CPU.Build.0 = Debug|Any CPU
		{3DF65C78-90CA-47DA-B2F8-28CF17590C53}.Release|Any CPU.ActiveCfg = Release|Any CPU
		{3DF65C78-90CA-47DA-B2F8-28CF17590C53}.Release|Any CPU.Build.0 = Release|Any CPU
		{FF98F8B2-F6A0-4F6C-8585-73B3B9B2416D}.Debug|Any CPU.ActiveCfg = Debug|Any CPU
		{FF98F8B2-F6A0-4F6C-8585-73B3B9B2416D}.Debug|Any CPU.Build.0 = Debug|Any CPU
		{FF98F8B2-F6A0-4F6C-8585-73B3B9B2416D}.Release|Any CPU.ActiveCfg = Release|Any CPU
		{FF98F8B2-F6A0-4F6C-8585-73B3B9B2416D}.Release|Any CPU.Build.0 = Release|Any CPU
		{E6F73596-8F82-4E36-AEE0-6132432A77B4}.Debug|Any CPU.ActiveCfg = Debug|Any CPU
		{E6F73596-8F82-4E36-AEE0-6132432A77B4}.Debug|Any CPU.Build.0 = Debug|Any CPU
		{E6F73596-8F82-4E36-AEE0-6132432A77B4}.Release|Any CPU.ActiveCfg = Release|Any CPU
		{E6F73596-8F82-4E36-AEE0-6132432A77B4}.Release|Any CPU.Build.0 = Release|Any CPU
		{F649E51C-866F-4B2B-95D1-F9180AD726BC}.Debug|Any CPU.ActiveCfg = Debug|Any CPU
		{F649E51C-866F-4B2B-95D1-F9180AD726BC}.Debug|Any CPU.Build.0 = Debug|Any CPU
		{F649E51C-866F-4B2B-95D1-F9180AD726BC}.Release|Any CPU.ActiveCfg = Release|Any CPU
		{F649E51C-866F-4B2B-95D1-F9180AD726BC}.Release|Any CPU.Build.0 = Release|Any CPU
	EndGlobalSection
	GlobalSection(SolutionProperties) = preSolution
		HideSolutionNode = FALSE
	EndGlobalSection
	GlobalSection(NestedProjects) = preSolution
		{792CD741-F2BF-45E8-9344-13DCD466C50C} = {02ED648D-9B9C-4B99-8FF2-F33B2688CE1F}
		{8496D318-6311-4752-9830-D659DBBD21A6} = {02ED648D-9B9C-4B99-8FF2-F33B2688CE1F}
		{3DF65C78-90CA-47DA-B2F8-28CF17590C53} = {DF8FA6A6-DB77-45B0-9919-B338A38CE5C1}
		{FF98F8B2-F6A0-4F6C-8585-73B3B9B2416D} = {DF8FA6A6-DB77-45B0-9919-B338A38CE5C1}
		{E6F73596-8F82-4E36-AEE0-6132432A77B4} = {DF8FA6A6-DB77-45B0-9919-B338A38CE5C1}
		{F649E51C-866F-4B2B-95D1-F9180AD726BC} = {DF8FA6A6-DB77-45B0-9919-B338A38CE5C1}
	EndGlobalSection
	GlobalSection(ExtensibilityGlobals) = postSolution
		SolutionGuid = {0CF75FBA-2C41-4E28-98F0-5CBD3EC2E11B}
	EndGlobalSection
EndGlobal
